
Microsoft Visual Studio Solution File, Format Version 12.00
# Visual Studio Version 17
VisualStudioVersion = 17.9.34622.214
MinimumVisualStudioVersion = 10.0.40219.1
Project("{FAE04EC0-301F-11D3-BF4B-00C04F79EFBC}") = "PendingFileRenameOperationsViewer", "PendingFileRenameOperations-Viewer.csproj", "{CA15E2A4-6091-4BDF-8108-CEBD079ECD64}"
EndProject
Global
	GlobalSection(SolutionConfigurationPlatforms) = preSolution
		Debug|Any CPU = Debug|Any CPU
		Release|Any CPU = Release|Any CPU
	EndGlobalSection
	GlobalSection(ProjectConfigurationPlatforms) = postSolution
		{CA15E2A4-6091-4BDF-8108-CEBD079ECD64}.Debug|Any CPU.ActiveCfg = Debug|Any CPU
		{CA15E2A4-6091-4BDF-8108-CEBD079ECD64}.Debug|Any CPU.Build.0 = Debug|Any CPU
		{CA15E2A4-6091-4BDF-8108-CEBD079ECD64}.Release|Any CPU.ActiveCfg = Release|Any CPU
		{CA15E2A4-6091-4BDF-8108-CEBD079ECD64}.Release|Any CPU.Build.0 = Release|Any CPU
	EndGlobalSection
	GlobalSection(SolutionProperties) = preSolution
		HideSolutionNode = FALSE
	EndGlobalSection
	GlobalSection(ExtensibilityGlobals) = postSolution
		SolutionGuid = {A25F6505-8E45-4A7D-ACB6-6034F42A1035}
	EndGlobalSection
EndGlobal
